
Microsoft Visual Studio Solution File, Format Version 12.00
# Visual Studio Version 16
VisualStudioVersion = 16.0.30804.86
MinimumVisualStudioVersion = 10.0.40219.1
Project("{FAE04EC0-301F-11D3-BF4B-00C04F79EFBC}") = "RestaurantsAPI", "RestaurantsAPI\RestaurantsAPI.csproj", "{43063110-5B2A-4FEA-89B2-60E2993EB732}"
EndProject
Global
	GlobalSection(SolutionConfigurationPlatforms) = preSolution
		Debug|Any CPU = Debug|Any CPU
		Release|Any CPU = Release|Any CPU
	EndGlobalSection
	GlobalSection(ProjectConfigurationPlatforms) = postSolution
		{43063110-5B2A-4FEA-89B2-60E2993EB732}.Debug|Any CPU.ActiveCfg = Debug|Any CPU
		{43063110-5B2A-4FEA-89B2-60E2993EB732}.Debug|Any CPU.Build.0 = Debug|Any CPU
		{43063110-5B2A-4FEA-89B2-60E2993EB732}.Release|Any CPU.ActiveCfg = Release|Any CPU
		{43063110-5B2A-4FEA-89B2-60E2993EB732}.Release|Any CPU.Build.0 = Release|Any CPU
	EndGlobalSection
	GlobalSection(SolutionProperties) = preSolution
		HideSolutionNode = FALSE
	EndGlobalSection
	GlobalSection(ExtensibilityGlobals) = postSolution
		SolutionGuid = {6D5385AB-F6AD-4D26-AAED-4556825669E6}
	EndGlobalSection
EndGlobal
